# THIS IS AN AUTOGENERATED FILE. DO NOT EDIT THIS FILE DIRECTLY.
# yarn lockfile v1


colors@*:
  version "1.4.0"
  resolved "https://registry.yarnpkg.com/colors/-/colors-1.4.0.tgz#c50491479d4c1bdaed2c9ced32cf7c7dc2360f78"
  integrity sha512-a+UqTh4kgZg/SlGvfbzDHpgRu7AAQOmmqRHJnxhRZICKFUT91brVhNNt58CMWU9PsBbv3PDCZUHbVxuDiH2mtA==

nodeman@^1.1.2:
  version "1.1.2"
  resolved "https://registry.yarnpkg.com/nodeman/-/nodeman-1.1.2.tgz#78128508f7540dbbffbf7f1093222e09d58e1b64"
  integrity sha512-RpRpDnMI4TN/EPX6+my7f02585I14AQO8YrHTkO1aTiC65+sMa5G3NwQplN6kwue1njxWiaSz2UwCnDbwkLgeQ==
  dependencies:
    colors "*"
